// !$*UTF8*$!
{
	archiveVersion = 1;
	classes = {
	};
	objectVersion = 46;
	objects = {

/* Begin PBXBuildFile section */
		B5C8569465D5368453BC9A7E /* libPods-RealmTest.a in Frameworks */ = {isa = PBXBuildFile; fileRef = AB9F6A39D88C004DBBFB9DA6 /* libPods-RealmTest.a */; };
		F3CCDE221AC93DF400747EC6 /* main.m in Sources */ = {isa = PBXBuildFile; fileRef = F3CCDE211AC93DF400747EC6 /* main.m */; };
		F3CCDE251AC93DF400747EC6 /* AppDelegate.m in Sources */ = {isa = PBXBuildFile; fileRef = F3CCDE241AC93DF400747EC6 /* AppDelegate.m */; };
		F3CCDE281AC93DF400747EC6 /* ViewController.m in Sources */ = {isa = PBXBuildFile; fileRef = F3CCDE271AC93DF400747EC6 /* ViewController.m */; };
		F3CCDE2B1AC93DF400747EC6 /* Main.storyboard in Resources */ = {isa = PBXBuildFile; fileRef = F3CCDE291AC93DF400747EC6 /* Main.storyboard */; };
		F3CCDE2D1AC93DF400747EC6 /* Images.xcassets in Resources */ = {isa = PBXBuildFile; fileRef = F3CCDE2C1AC93DF400747EC6 /* Images.xcassets */; };
		F3CCDE301AC93DF400747EC6 /* LaunchScreen.xib in Resources */ = {isa = PBXBuildFile; fileRef = F3CCDE2E1AC93DF400747EC6 /* LaunchScreen.xib */; };
		F3CCDE3C1AC93DF400747EC6 /* RealmTestTests.m in Sources */ = {isa = PBXBuildFile; fileRef = F3CCDE3B1AC93DF400747EC6 /* RealmTestTests.m */; };
		F3CCDE4B1AC93FBA00747EC6 /* PlickersObject.m in Sources */ = {isa = PBXBuildFile; fileRef = F3CCDE451AC93FBA00747EC6 /* PlickersObject.m */; };
		F3CCDE4C1AC93FBA00747EC6 /* RealmObject.m in Sources */ = {isa = PBXBuildFile; fileRef = F3CCDE471AC93FBA00747EC6 /* RealmObject.m */; };
/* End PBXBuildFile section */

/* Begin PBXContainerItemProxy section */
		F3CCDE361AC93DF400747EC6 /* PBXContainerItemProxy */ = {
			isa = PBXContainerItemProxy;
			containerPortal = F3CCDE141AC93DF400747EC6 /* Project object */;
			proxyType = 1;
			remoteGlobalIDString = F3CCDE1B1AC93DF400747EC6;
			remoteInfo = RealmTest;
		};
/* End PBXContainerItemProxy section */

/* Begin PBXFileReference section */
		423617515F9085C43840D33E /* Pods-RealmTest.release.xcconfig */ = {isa = PBXFileReference; includeInIndex = 1; lastKnownFileType = text.xcconfig; name = "Pods-RealmTest.release.xcconfig"; path = "Pods/Target Support Files/Pods-RealmTest/Pods-RealmTest.release.xcconfig"; sourceTree = "<group>"; };
		AB9F6A39D88C004DBBFB9DA6 /* libPods-RealmTest.a */ = {isa = PBXFileReference; explicitFileType = archive.ar; includeInIndex = 0; path = "libPods-RealmTest.a"; sourceTree = BUILT_PRODUCTS_DIR; };
		DE0D796BB99BB8D5CE924E88 /* Pods-RealmTest.debug.xcconfig */ = {isa = PBXFileReference; includeInIndex = 1; lastKnownFileType = text.xcconfig; name = "Pods-RealmTest.debug.xcconfig"; path = "Pods/Target Support Files/Pods-RealmTest/Pods-RealmTest.debug.xcconfig"; sourceTree = "<group>"; };
		F3CCDE1C1AC93DF400747EC6 /* RealmTest.app */ = {isa = PBXFileReference; explicitFileType = wrapper.application; includeInIndex = 0; path = RealmTest.app; sourceTree = BUILT_PRODUCTS_DIR; };
		F3CCDE201AC93DF400747EC6 /* Info.plist */ = {isa = PBXFileReference; lastKnownFileType = text.plist.xml; path = Info.plist; sourceTree = "<group>"; };
		F3CCDE211AC93DF400747EC6 /* main.m */ = {isa = PBXFileReference; lastKnownFileType = sourcecode.c.objc; path = main.m; sourceTree = "<group>"; };
		F3CCDE231AC93DF400747EC6 /* AppDelegate.h */ = {isa = PBXFileReference; lastKnownFileType = sourcecode.c.h; path = AppDelegate.h; sourceTree = "<group>"; };
		F3CCDE241AC93DF400747EC6 /* AppDelegate.m */ = {isa = PBXFileReference; lastKnownFileType = sourcecode.c.objc; path = AppDelegate.m; sourceTree = "<group>"; };
		F3CCDE261AC93DF400747EC6 /* ViewController.h */ = {isa = PBXFileReference; lastKnownFileType = sourcecode.c.h; path = ViewController.h; sourceTree = "<group>"; };
		F3CCDE271AC93DF400747EC6 /* ViewController.m */ = {isa = PBXFileReference; lastKnownFileType = sourcecode.c.objc; path = ViewController.m; sourceTree = "<group>"; };
		F3CCDE2A1AC93DF400747EC6 /* Base */ = {isa = PBXFileReference; lastKnownFileType = file.storyboard; name = Base; path = Base.lproj/Main.storyboard; sourceTree = "<group>"; };
		F3CCDE2C1AC93DF400747EC6 /* Images.xcassets */ = {isa = PBXFileReference; lastKnownFileType = folder.assetcatalog; path = Images.xcassets; sourceTree = "<group>"; };
		F3CCDE2F1AC93DF400747EC6 /* Base */ = {isa = PBXFileReference; lastKnownFileType = file.xib; name = Base; path = Base.lproj/LaunchScreen.xib; sourceTree = "<group>"; };
		F3CCDE351AC93DF400747EC6 /* RealmTestTests.xctest */ = {isa = PBXFileReference; explicitFileType = wrapper.cfbundle; includeInIndex = 0; path = RealmTestTests.xctest; sourceTree = BUILT_PRODUCTS_DIR; };
		F3CCDE3A1AC93DF400747EC6 /* Info.plist */ = {isa = PBXFileReference; lastKnownFileType = text.plist.xml; path = Info.plist; sourceTree = "<group>"; };
		F3CCDE3B1AC93DF400747EC6 /* RealmTestTests.m */ = {isa = PBXFileReference; lastKnownFileType = sourcecode.c.objc; path = RealmTestTests.m; sourceTree = "<group>"; };
		F3CCDE451AC93FBA00747EC6 /* PlickersObject.m */ = {isa = PBXFileReference; fileEncoding = 4; lastKnownFileType = sourcecode.c.objc; name = PlickersObject.m; path = RealmTest/PlickersObject.m; sourceTree = "<group>"; };
		F3CCDE461AC93FBA00747EC6 /* RealmObject.h */ = {isa = PBXFileReference; fileEncoding = 4; lastKnownFileType = sourcecode.c.h; name = RealmObject.h; path = RealmTest/RealmObject.h; sourceTree = "<group>"; };
		F3CCDE471AC93FBA00747EC6 /* RealmObject.m */ = {isa = PBXFileReference; fileEncoding = 4; lastKnownFileType = sourcecode.c.objc; name = RealmObject.m; path = RealmTest/RealmObject.m; sourceTree = "<group>"; };
		F3CCDE4A1AC93FBA00747EC6 /* PlickersObject.h */ = {isa = PBXFileReference; fileEncoding = 4; lastKnownFileType = sourcecode.c.h; name = PlickersObject.h; path = RealmTest/PlickersObject.h; sourceTree = "<group>"; };
/* End PBXFileReference section */

/* Begin PBXFrameworksBuildPhase section */
		F3CCDE191AC93DF400747EC6 /* Frameworks */ = {
			isa = PBXFrameworksBuildPhase;
			buildActionMask = 2147483647;
			files = (
				B5C8569465D5368453BC9A7E /* libPods-RealmTest.a in Frameworks */,
			);
			runOnlyForDeploymentPostprocessing = 0;
		};
		F3CCDE321AC93DF400747EC6 /* Frameworks */ = {
			isa = PBXFrameworksBuildPhase;
			buildActionMask = 2147483647;
			files = (
			);
			runOnlyForDeploymentPostprocessing = 0;
		};
/* End PBXFrameworksBuildPhase section */

/* Begin PBXGroup section */
		556073A7FD74C4F03E6F395E /* Pods */ = {
			isa = PBXGroup;
			children = (
				DE0D796BB99BB8D5CE924E88 /* Pods-RealmTest.debug.xcconfig */,
				423617515F9085C43840D33E /* Pods-RealmTest.release.xcconfig */,
			);
			name = Pods;
			sourceTree = "<group>";
		};
		E12CDE579714642F606B0222 /* Frameworks */ = {
			isa = PBXGroup;
			children = (
				AB9F6A39D88C004DBBFB9DA6 /* libPods-RealmTest.a */,
			);
			name = Frameworks;
			sourceTree = "<group>";
		};
		F3CCDE131AC93DF400747EC6 = {
			isa = PBXGroup;
			children = (
				F3CCDE4E1AC93FC400747EC6 /* Models */,
				F3CCDE1E1AC93DF400747EC6 /* RealmTest */,
				F3CCDE381AC93DF400747EC6 /* RealmTestTests */,
				F3CCDE1D1AC93DF400747EC6 /* Products */,
				556073A7FD74C4F03E6F395E /* Pods */,
				E12CDE579714642F606B0222 /* Frameworks */,
			);
			sourceTree = "<group>";
		};
		F3CCDE1D1AC93DF400747EC6 /* Products */ = {
			isa = PBXGroup;
			children = (
				F3CCDE1C1AC93DF400747EC6 /* RealmTest.app */,
				F3CCDE351AC93DF400747EC6 /* RealmTestTests.xctest */,
			);
			name = Products;
			sourceTree = "<group>";
		};
		F3CCDE1E1AC93DF400747EC6 /* RealmTest */ = {
			isa = PBXGroup;
			children = (
				F3CCDE231AC93DF400747EC6 /* AppDelegate.h */,
				F3CCDE241AC93DF400747EC6 /* AppDelegate.m */,
				F3CCDE261AC93DF400747EC6 /* ViewController.h */,
				F3CCDE271AC93DF400747EC6 /* ViewController.m */,
				F3CCDE291AC93DF400747EC6 /* Main.storyboard */,
				F3CCDE2C1AC93DF400747EC6 /* Images.xcassets */,
				F3CCDE2E1AC93DF400747EC6 /* LaunchScreen.xib */,
				F3CCDE1F1AC93DF400747EC6 /* Supporting Files */,
			);
			path = RealmTest;
			sourceTree = "<group>";
		};
		F3CCDE1F1AC93DF400747EC6 /* Supporting Files */ = {
			isa = PBXGroup;
			children = (
				F3CCDE201AC93DF400747EC6 /* Info.plist */,
				F3CCDE211AC93DF400747EC6 /* main.m */,
			);
			name = "Supporting Files";
			sourceTree = "<group>";
		};
		F3CCDE381AC93DF400747EC6 /* RealmTestTests */ = {
			isa = PBXGroup;
			children = (
				F3CCDE3B1AC93DF400747EC6 /* RealmTestTests.m */,
				F3CCDE391AC93DF400747EC6 /* Supporting Files */,
			);
			path = RealmTestTests;
			sourceTree = "<group>";
		};
		F3CCDE391AC93DF400747EC6 /* Supporting Files */ = {
			isa = PBXGroup;
			children = (
				F3CCDE3A1AC93DF400747EC6 /* Info.plist */,
			);
			name = "Supporting Files";
			sourceTree = "<group>";
		};
		F3CCDE4E1AC93FC400747EC6 /* Models */ = {
			isa = PBXGroup;
			children = (
				F3CCDE451AC93FBA00747EC6 /* PlickersObject.m */,
				F3CCDE461AC93FBA00747EC6 /* RealmObject.h */,
				F3CCDE471AC93FBA00747EC6 /* RealmObject.m */,
				F3CCDE4A1AC93FBA00747EC6 /* PlickersObject.h */,
			);
			name = Models;
			sourceTree = "<group>";
		};
/* End PBXGroup section */

/* Begin PBXNativeTarget section */
		F3CCDE1B1AC93DF400747EC6 /* RealmTest */ = {
			isa = PBXNativeTarget;
			buildConfigurationList = F3CCDE3F1AC93DF400747EC6 /* Build configuration list for PBXNativeTarget "RealmTest" */;
			buildPhases = (
				CE26DD883252BA02656D7E88 /* Check Pods Manifest.lock */,
				F3CCDE181AC93DF400747EC6 /* Sources */,
				F3CCDE191AC93DF400747EC6 /* Frameworks */,
				F3CCDE1A1AC93DF400747EC6 /* Resources */,
				F0BEE87DCAFCDC3512825550 /* Copy Pods Resources */,
			);
			buildRules = (
			);
			dependencies = (
			);
			name = RealmTest;
			productName = RealmTest;
			productReference = F3CCDE1C1AC93DF400747EC6 /* RealmTest.app */;
			productType = "com.apple.product-type.application";
		};
		F3CCDE341AC93DF400747EC6 /* RealmTestTests */ = {
			isa = PBXNativeTarget;
			buildConfigurationList = F3CCDE421AC93DF400747EC6 /* Build configuration list for PBXNativeTarget "RealmTestTests" */;
			buildPhases = (
				F3CCDE311AC93DF400747EC6 /* Sources */,
				F3CCDE321AC93DF400747EC6 /* Frameworks */,
				F3CCDE331AC93DF400747EC6 /* Resources */,
			);
			buildRules = (
			);
			dependencies = (
				F3CCDE371AC93DF400747EC6 /* PBXTargetDependency */,
			);
			name = RealmTestTests;
			productName = RealmTestTests;
			productReference = F3CCDE351AC93DF400747EC6 /* RealmTestTests.xctest */;
			productType = "com.apple.product-type.bundle.unit-test";
		};
/* End PBXNativeTarget section */

/* Begin PBXProject section */
		F3CCDE141AC93DF400747EC6 /* Project object */ = {
			isa = PBXProject;
			attributes = {
				LastUpgradeCheck = 0620;
				ORGANIZATIONNAME = "Nolan Amy";
				TargetAttributes = {
					F3CCDE1B1AC93DF400747EC6 = {
						CreatedOnToolsVersion = 6.2;
					};
					F3CCDE341AC93DF400747EC6 = {
						CreatedOnToolsVersion = 6.2;
						TestTargetID = F3CCDE1B1AC93DF400747EC6;
					};
				};
			};
			buildConfigurationList = F3CCDE171AC93DF400747EC6 /* Build configuration list for PBXProject "RealmTest" */;
			compatibilityVersion = "Xcode 3.2";
			developmentRegion = English;
			hasScannedForEncodings = 0;
			knownRegions = (
				en,
				Base,
			);
			mainGroup = F3CCDE131AC93DF400747EC6;
			productRefGroup = F3CCDE1D1AC93DF400747EC6 /* Products */;
			projectDirPath = "";
			projectRoot = "";
			targets = (
				F3CCDE1B1AC93DF400747EC6 /* RealmTest */,
				F3CCDE341AC93DF400747EC6 /* RealmTestTests */,
			);
		};
/* End PBXProject section */

/* Begin PBXResourcesBuildPhase section */
		F3CCDE1A1AC93DF400747EC6 /* Resources */ = {
			isa = PBXResourcesBuildPhase;
			buildActionMask = 2147483647;
			files = (
				F3CCDE2B1AC93DF400747EC6 /* Main.storyboard in Resources */,
				F3CCDE301AC93DF400747EC6 /* LaunchScreen.xib in Resources */,
				F3CCDE2D1AC93DF400747EC6 /* Images.xcassets in Resources */,
			);
			runOnlyForDeploymentPostprocessing = 0;
		};
		F3CCDE331AC93DF400747EC6 /* Resources */ = {
			isa = PBXResourcesBuildPhase;
			buildActionMask = 2147483647;
			files = (
			);
			runOnlyForDeploymentPostprocessing = 0;
		};
/* End PBXResourcesBuildPhase section */

/* Begin PBXShellScriptBuildPhase section */
		CE26DD883252BA02656D7E88 /* Check Pods Manifest.lock */ = {
			isa = PBXShellScriptBuildPhase;
			buildActionMask = 2147483647;
			files = (
			);
			inputPaths = (
			);
			name = "Check Pods Manifest.lock";
			outputPaths = (
			);
			runOnlyForDeploymentPostprocessing = 0;
			shellPath = /bin/sh;
			shellScript = "diff \"${PODS_ROOT}/../Podfile.lock\" \"${PODS_ROOT}/Manifest.lock\" > /dev/null\nif [[ $? != 0 ]] ; then\n    cat << EOM\nerror: The sandbox is not in sync with the Podfile.lock. Run 'pod install' or update your CocoaPods installation.\nEOM\n    exit 1\nfi\n";
			showEnvVarsInLog = 0;
		};
		F0BEE87DCAFCDC3512825550 /* Copy Pods Resources */ = {
			isa = PBXShellScriptBuildPhase;
			buildActionMask = 2147483647;
			files = (
			);
			inputPaths = (
			);
			name = "Copy Pods Resources";
			outputPaths = (
			);
			runOnlyForDeploymentPostprocessing = 0;
			shellPath = /bin/sh;
			shellScript = "\"${SRCROOT}/Pods/Target Support Files/Pods-RealmTest/Pods-RealmTest-resources.sh\"\n";
			showEnvVarsInLog = 0;
		};
/* End PBXShellScriptBuildPhase section */

/* Begin PBXSourcesBuildPhase section */
		F3CCDE181AC93DF400747EC6 /* Sources */ = {
			isa = PBXSourcesBuildPhase;
			buildActionMask = 2147483647;
			files = (
				F3CCDE281AC93DF400747EC6 /* ViewController.m in Sources */,
				F3CCDE251AC93DF400747EC6 /* AppDelegate.m in Sources */,
				F3CCDE221AC93DF400747EC6 /* main.m in Sources */,
				F3CCDE4C1AC93FBA00747EC6 /* RealmObject.m in Sources */,
				F3CCDE4B1AC93FBA00747EC6 /* PlickersObject.m in Sources */,
			);
			runOnlyForDeploymentPostprocessing = 0;
		};
		F3CCDE311AC93DF400747EC6 /* Sources */ = {
			isa = PBXSourcesBuildPhase;
			buildActionMask = 2147483647;
			files = (
				F3CCDE3C1AC93DF400747EC6 /* RealmTestTests.m in Sources */,
			);
			runOnlyForDeploymentPostprocessing = 0;
		};
/* End PBXSourcesBuildPhase section */

/* Begin PBXTargetDependency section */
		F3CCDE371AC93DF400747EC6 /* PBXTargetDependency */ = {
			isa = PBXTargetDependency;
			target = F3CCDE1B1AC93DF400747EC6 /* RealmTest */;
			targetProxy = F3CCDE361AC93DF400747EC6 /* PBXContainerItemProxy */;
		};
/* End PBXTargetDependency section */

/* Begin PBXVariantGroup section */
		F3CCDE291AC93DF400747EC6 /* Main.storyboard */ = {
			isa = PBXVariantGroup;
			children = (
				F3CCDE2A1AC93DF400747EC6 /* Base */,
			);
			name = Main.storyboard;
			sourceTree = "<group>";
		};
		F3CCDE2E1AC93DF400747EC6 /* LaunchScreen.xib */ = {
			isa = PBXVariantGroup;
			children = (
				F3CCDE2F1AC93DF400747EC6 /* Base */,
			);
			name = LaunchScreen.xib;
			sourceTree = "<group>";
		};
/* End PBXVariantGroup section */

/* Begin XCBuildConfiguration section */
		F3CCDE3D1AC93DF400747EC6 /* Debug */ = {
			isa = XCBuildConfiguration;
			buildSettings = {
				ALWAYS_SEARCH_USER_PATHS = NO;
				CLANG_CXX_LANGUAGE_STANDARD = "gnu++0x";
				CLANG_CXX_LIBRARY = "libc++";
				CLANG_ENABLE_MODULES = YES;
				CLANG_ENABLE_OBJC_ARC = YES;
				CLANG_WARN_BOOL_CONVERSION = YES;
				CLANG_WARN_CONSTANT_CONVERSION = YES;
				CLANG_WARN_DIRECT_OBJC_ISA_USAGE = YES_ERROR;
				CLANG_WARN_EMPTY_BODY = YES;
				CLANG_WARN_ENUM_CONVERSION = YES;
				CLANG_WARN_INT_CONVERSION = YES;
				CLANG_WARN_OBJC_ROOT_CLASS = YES_ERROR;
				CLANG_WARN_UNREACHABLE_CODE = YES;
				CLANG_WARN__DUPLICATE_METHOD_MATCH = YES;
				"CODE_SIGN_IDENTITY[sdk=iphoneos*]" = "iPhone Developer";
				COPY_PHASE_STRIP = NO;
				ENABLE_STRICT_OBJC_MSGSEND = YES;
				GCC_C_LANGUAGE_STANDARD = gnu99;
				GCC_DYNAMIC_NO_PIC = NO;
				GCC_OPTIMIZATION_LEVEL = 0;
				GCC_PREPROCESSOR_DEFINITIONS = (
					"DEBUG=1",
					"$(inherited)",
				);
				GCC_SYMBOLS_PRIVATE_EXTERN = NO;
				GCC_WARN_64_TO_32_BIT_CONVERSION = YES;
				GCC_WARN_ABOUT_RETURN_TYPE = YES_ERROR;
				GCC_WARN_UNDECLARED_SELECTOR = YES;
				GCC_WARN_UNINITIALIZED_AUTOS = YES_AGGRESSIVE;
				GCC_WARN_UNUSED_FUNCTION = YES;
				GCC_WARN_UNUSED_VARIABLE = YES;
				IPHONEOS_DEPLOYMENT_TARGET = 8.2;
				MTL_ENABLE_DEBUG_INFO = YES;
				ONLY_ACTIVE_ARCH = YES;
				SDKROOT = iphoneos;
				TARGETED_DEVICE_FAMILY = "1,2";
			};
			name = Debug;
		};
		F3CCDE3E1AC93DF400747EC6 /* Release */ = {
			isa = XCBuildConfiguration;
			buildSettings = {
				ALWAYS_SEARCH_USER_PATHS = NO;
				CLANG_CXX_LANGUAGE_STANDARD = "gnu++0x";
				CLANG_CXX_LIBRARY = "libc++";
				CLANG_ENABLE_MODULES = YES;
				CLANG_ENABLE_OBJC_ARC = YES;
				CLANG_WARN_BOOL_CONVERSION = YES;
				CLANG_WARN_CONSTANT_CONVERSION = YES;
				CLANG_WARN_DIRECT_OBJC_ISA_USAGE = YES_ERROR;
				CLANG_WARN_EMPTY_BODY = YES;
				CLANG_WARN_ENUM_CONVERSION = YES;
				CLANG_WARN_INT_CONVERSION = YES;
				CLANG_WARN_OBJC_ROOT_CLASS = YES_ERROR;
				CLANG_WARN_UNREACHABLE_CODE = YES;
				CLANG_WARN__DUPLICATE_METHOD_MATCH = YES;
				"CODE_SIGN_IDENTITY[sdk=iphoneos*]" = "iPhone Developer";
				COPY_PHASE_STRIP = NO;
				ENABLE_NS_ASSERTIONS = NO;
				ENABLE_STRICT_OBJC_MSGSEND = YES;
				GCC_C_LANGUAGE_STANDARD = gnu99;
				GCC_WARN_64_TO_32_BIT_CONVERSION = YES;
				GCC_WARN_ABOUT_RETURN_TYPE = YES_ERROR;
				GCC_WARN_UNDECLARED_SELECTOR = YES;
				GCC_WARN_UNINITIALIZED_AUTOS = YES_AGGRESSIVE;
				GCC_WARN_UNUSED_FUNCTION = YES;
				GCC_WARN_UNUSED_VARIABLE = YES;
				IPHONEOS_DEPLOYMENT_TARGET = 8.2;
				MTL_ENABLE_DEBUG_INFO = NO;
				SDKROOT = iphoneos;
				TARGETED_DEVICE_FAMILY = "1,2";
				VALIDATE_PRODUCT = YES;
			};
			name = Release;
		};
		F3CCDE401AC93DF400747EC6 /* Debug */ = {
			isa = XCBuildConfiguration;
			baseConfigurationReference = DE0D796BB99BB8D5CE924E88 /* Pods-RealmTest.debug.xcconfig */;
			buildSettings = {
				ASSETCATALOG_COMPILER_APPICON_NAME = AppIcon;
				INFOPLIST_FILE = RealmTest/Info.plist;
				LD_RUNPATH_SEARCH_PATHS = "$(inherited) @executable_path/Frameworks";
				PRODUCT_NAME = "$(TARGET_NAME)";
			};
			name = Debug;
		};
		F3CCDE411AC93DF400747EC6 /* Release */ = {
			isa = XCBuildConfiguration;
			baseConfigurationReference = 423617515F9085C43840D33E /* Pods-RealmTest.release.xcconfig */;
			buildSettings = {
				ASSETCATALOG_COMPILER_APPICON_NAME = AppIcon;
				INFOPLIST_FILE = RealmTest/Info.plist;
				LD_RUNPATH_SEARCH_PATHS = "$(inherited) @executable_path/Frameworks";
				PRODUCT_NAME = "$(TARGET_NAME)";
			};
			name = Release;
		};
		F3CCDE431AC93DF400747EC6 /* Debug */ = {
			isa = XCBuildConfiguration;
			buildSettings = {
				BUNDLE_LOADER = "$(TEST_HOST)";
				FRAMEWORK_SEARCH_PATHS = (
					"$(SDKROOT)/Developer/Library/Frameworks",
					"$(inherited)",
				);
				GCC_PREPROCESSOR_DEFINITIONS = (
					"DEBUG=1",
					"$(inherited)",
				);
				INFOPLIST_FILE = RealmTestTests/Info.plist;
				LD_RUNPATH_SEARCH_PATHS = "$(inherited) @executable_path/Frameworks @loader_path/Frameworks";
				PRODUCT_NAME = "$(TARGET_NAME)";
				TEST_HOST = "$(BUILT_PRODUCTS_DIR)/RealmTest.app/RealmTest";
			};
			name = Debug;
		};
		F3CCDE441AC93DF400747EC6 /* Release */ = {
			isa = XCBuildConfiguration;
			buildSettings = {
				BUNDLE_LOADER = "$(TEST_HOST)";
				FRAMEWORK_SEARCH_PATHS = (
					"$(SDKROOT)/Developer/Library/Frameworks",
					"$(inherited)",
				);
				INFOPLIST_FILE = RealmTestTests/Info.plist;
				LD_RUNPATH_SEARCH_PATHS = "$(inherited) @executable_path/Frameworks @loader_path/Frameworks";
				PRODUCT_NAME = "$(TARGET_NAME)";
				TEST_HOST = "$(BUILT_PRODUCTS_DIR)/RealmTest.app/RealmTest";
			};
			name = Release;
		};
/* End XCBuildConfiguration section */

/* Begin XCConfigurationList section */
		F3CCDE171AC93DF400747EC6 /* Build configuration list for PBXProject "RealmTest" */ = {
			isa = XCConfigurationList;
			buildConfigurations = (
				F3CCDE3D1AC93DF400747EC6 /* Debug */,
				F3CCDE3E1AC93DF400747EC6 /* Release */,
			);
			defaultConfigurationIsVisible = 0;
			defaultConfigurationName = Release;
		};
		F3CCDE3F1AC93DF400747EC6 /* Build configuration list for PBXNativeTarget "RealmTest" */ = {
			isa = XCConfigurationList;
			buildConfigurations = (
				F3CCDE401AC93DF400747EC6 /* Debug */,
				F3CCDE411AC93DF400747EC6 /* Release */,
			);
			defaultConfigurationIsVisible = 0;
			defaultConfigurationName = Release;
		};
		F3CCDE421AC93DF400747EC6 /* Build configuration list for PBXNativeTarget "RealmTestTests" */ = {
			isa = XCConfigurationList;
			buildConfigurations = (
				F3CCDE431AC93DF400747EC6 /* Debug */,
				F3CCDE441AC93DF400747EC6 /* Release */,
			);
			defaultConfigurationIsVisible = 0;
			defaultConfigurationName = Release;
		};
/* End XCConfigurationList section */
	};
	rootObject = F3CCDE141AC93DF400747EC6 /* Project object */;
}
